
Microsoft Visual Studio Solution File, Format Version 12.00
# Visual Studio Version 16
VisualStudioVersion = 16.0.30114.105
MinimumVisualStudioVersion = 10.0.40219.1
Project("{2150E333-8FDC-42A3-9474-1A3956D46DE8}") = "src", "src", "{7CC98B0E-7D95-4AA1-BCBF-647E55E5E54F}"
EndProject
Project("{FAE04EC0-301F-11D3-BF4B-00C04F79EFBC}") = "LibraryManagement.API", "src\LibraryManagement.API\LibraryManagement.API.csproj", "{D9B9D4CC-CD82-4C3F-8192-82B06E109A2D}"
EndProject
Project("{FAE04EC0-301F-11D3-BF4B-00C04F79EFBC}") = "LibraryManagement.Core", "src\LibraryManagement.Core\LibraryManagement.Core.csproj", "{957270BD-E865-45CE-9205-01221C6644DC}"
EndProject
Project("{FAE04EC0-301F-11D3-BF4B-00C04F79EFBC}") = "LibraryManagement.Infrastructure", "src\LibraryManagement.Infrastructure\LibraryManagement.Infrastructure.csproj", "{6C3B5655-323F-4139-BA97-1C13714499B0}"
EndProject
Global
	GlobalSection(SolutionConfigurationPlatforms) = preSolution
		Debug|Any CPU = Debug|Any CPU
		Release|Any CPU = Release|Any CPU
	EndGlobalSection
	GlobalSection(SolutionProperties) = preSolution
		HideSolutionNode = FALSE
	EndGlobalSection
	GlobalSection(ProjectConfigurationPlatforms) = postSolution
		{D9B9D4CC-CD82-4C3F-8192-82B06E109A2D}.Debug|Any CPU.ActiveCfg = Debug|Any CPU
		{D9B9D4CC-CD82-4C3F-8192-82B06E109A2D}.Debug|Any CPU.Build.0 = Debug|Any CPU
		{D9B9D4CC-CD82-4C3F-8192-82B06E109A2D}.Release|Any CPU.ActiveCfg = Release|Any CPU
		{D9B9D4CC-CD82-4C3F-8192-82B06E109A2D}.Release|Any CPU.Build.0 = Release|Any CPU
		{957270BD-E865-45CE-9205-01221C6644DC}.Debug|Any CPU.ActiveCfg = Debug|Any CPU
		{957270BD-E865-45CE-9205-01221C6644DC}.Debug|Any CPU.Build.0 = Debug|Any CPU
		{957270BD-E865-45CE-9205-01221C6644DC}.Release|Any CPU.ActiveCfg = Release|Any CPU
		{957270BD-E865-45CE-9205-01221C6644DC}.Release|Any CPU.Build.0 = Release|Any CPU
		{6C3B5655-323F-4139-BA97-1C13714499B0}.Debug|Any CPU.ActiveCfg = Debug|Any CPU
		{6C3B5655-323F-4139-BA97-1C13714499B0}.Debug|Any CPU.Build.0 = Debug|Any CPU
		{6C3B5655-323F-4139-BA97-1C13714499B0}.Release|Any CPU.ActiveCfg = Release|Any CPU
		{6C3B5655-323F-4139-BA97-1C13714499B0}.Release|Any CPU.Build.0 = Release|Any CPU
	EndGlobalSection
	GlobalSection(NestedProjects) = preSolution
		{D9B9D4CC-CD82-4C3F-8192-82B06E109A2D} = {7CC98B0E-7D95-4AA1-BCBF-647E55E5E54F}
		{957270BD-E865-45CE-9205-01221C6644DC} = {7CC98B0E-7D95-4AA1-BCBF-647E55E5E54F}
		{6C3B5655-323F-4139-BA97-1C13714499B0} = {7CC98B0E-7D95-4AA1-BCBF-647E55E5E54F}
	EndGlobalSection
EndGlobal
